// !$*UTF8*$!
{
	archiveVersion = 1;
	classes = {
	};
	objectVersion = 50;
	objects = {

/* Begin PBXBuildFile section */
		7101BC392226C6BE00C0D90C /* AppDelegate.swift in Sources */ = {isa = PBXBuildFile; fileRef = 7101BC382226C6BE00C0D90C /* AppDelegate.swift */; };
		7101BC3B2226C6BE00C0D90C /* ViewController.swift in Sources */ = {isa = PBXBuildFile; fileRef = 7101BC3A2226C6BE00C0D90C /* ViewController.swift */; };
		7101BC3D2226C6C000C0D90C /* Assets.xcassets in Resources */ = {isa = PBXBuildFile; fileRef = 7101BC3C2226C6C000C0D90C /* Assets.xcassets */; };
		7101BC402226C6C000C0D90C /* Main.storyboard in Resources */ = {isa = PBXBuildFile; fileRef = 7101BC3E2226C6C000C0D90C /* Main.storyboard */; };
		7101BC492226F7EA00C0D90C /* Renderer.swift in Sources */ = {isa = PBXBuildFile; fileRef = 7101BC482226F7EA00C0D90C /* Renderer.swift */; };
		7101BC4B2226F84A00C0D90C /* Shader.metal in Sources */ = {isa = PBXBuildFile; fileRef = 7101BC4A2226F84A00C0D90C /* Shader.metal */; };
		710547F522466E4B00D73596 /* HelmetNode.swift in Sources */ = {isa = PBXBuildFile; fileRef = 710547F422466E4B00D73596 /* HelmetNode.swift */; };
		7105480522467D7600D73596 /* garage_pmrem.ktx in Resources */ = {isa = PBXBuildFile; fileRef = 710547FB22467D7600D73596 /* garage_pmrem.ktx */; };
		7105480622467D7600D73596 /* helmet_normal.jpg in Resources */ = {isa = PBXBuildFile; fileRef = 710547FC22467D7600D73596 /* helmet_normal.jpg */; };
		7105480722467D7600D73596 /* helmet.mtl in Resources */ = {isa = PBXBuildFile; fileRef = 710547FD22467D7600D73596 /* helmet.mtl */; };
		7105480822467D7600D73596 /* helmet_roughness.jpg in Resources */ = {isa = PBXBuildFile; fileRef = 710547FE22467D7600D73596 /* helmet_roughness.jpg */; };
		7105480922467D7600D73596 /* helmet.obj in Resources */ = {isa = PBXBuildFile; fileRef = 710547FF22467D7600D73596 /* helmet.obj */; };
		7105480B22467D7600D73596 /* helmet_baseColor.png in Resources */ = {isa = PBXBuildFile; fileRef = 7105480122467D7600D73596 /* helmet_baseColor.png */; };
		7105480C22467D7600D73596 /* loft_pmrem.ktx in Resources */ = {isa = PBXBuildFile; fileRef = 7105480222467D7600D73596 /* loft_pmrem.ktx */; };
		7105480D22467D7600D73596 /* helmet_metallicRoughness.png in Resources */ = {isa = PBXBuildFile; fileRef = 7105480322467D7600D73596 /* helmet_metallicRoughness.png */; };
		7105480E22467D7600D73596 /* helmet_metallic.jpg in Resources */ = {isa = PBXBuildFile; fileRef = 7105480422467D7600D73596 /* helmet_metallic.jpg */; };
		7105481022467D7D00D73596 /* Helmet.metal in Sources */ = {isa = PBXBuildFile; fileRef = 7105480F22467D7D00D73596 /* Helmet.metal */; };
		710548272247F4A400D73596 /* dict.c in Sources */ = {isa = PBXBuildFile; fileRef = 710548152247F4A400D73596 /* dict.c */; };
		710548282247F4A400D73596 /* priorityq.c in Sources */ = {isa = PBXBuildFile; fileRef = 710548172247F4A400D73596 /* priorityq.c */; };
		710548292247F4A400D73596 /* sweep.c in Sources */ = {isa = PBXBuildFile; fileRef = 710548192247F4A400D73596 /* sweep.c */; };
		7105482A2247F4A400D73596 /* geom.c in Sources */ = {isa = PBXBuildFile; fileRef = 7105481A2247F4A400D73596 /* geom.c */; };
		7105482B2247F4A400D73596 /* tess.c in Sources */ = {isa = PBXBuildFile; fileRef = 7105481C2247F4A400D73596 /* tess.c */; };
		7105482C2247F4A400D73596 /* bucketalloc.c in Sources */ = {isa = PBXBuildFile; fileRef = 710548202247F4A400D73596 /* bucketalloc.c */; };
		7105482D2247F4A500D73596 /* mesh.c in Sources */ = {isa = PBXBuildFile; fileRef = 710548212247F4A400D73596 /* mesh.c */; };
		7105482E2247F4A500D73596 /* README.md in Resources */ = {isa = PBXBuildFile; fileRef = 710548232247F4A400D73596 /* README.md */; };
		7105482F2247F4A500D73596 /* .gitignore in Resources */ = {isa = PBXBuildFile; fileRef = 710548242247F4A400D73596 /* .gitignore */; };
		710548302247F4A500D73596 /* alg_outline.md in Resources */ = {isa = PBXBuildFile; fileRef = 710548252247F4A400D73596 /* alg_outline.md */; };
		710548312247F4A500D73596 /* LICENSE.txt in Resources */ = {isa = PBXBuildFile; fileRef = 710548262247F4A400D73596 /* LICENSE.txt */; };
		710548372247F4C000D73596 /* MBETextMesh.m in Sources */ = {isa = PBXBuildFile; fileRef = 710548332247F4BF00D73596 /* MBETextMesh.m */; };
		710548382247F4C000D73596 /* MBETextTypes.m in Sources */ = {isa = PBXBuildFile; fileRef = 710548352247F4C000D73596 /* MBETextTypes.m */; };
		7105483A2247F4C700D73596 /* Text.metal in Sources */ = {isa = PBXBuildFile; fileRef = 710548392247F4C700D73596 /* Text.metal */; };
		7105483C2247F50800D73596 /* TextNode.swift in Sources */ = {isa = PBXBuildFile; fileRef = 7105483B2247F50800D73596 /* TextNode.swift */; };
		7105483E2247F5C800D73596 /* Material.swift in Sources */ = {isa = PBXBuildFile; fileRef = 7105483D2247F5C800D73596 /* Material.swift */; };
		710548472248087700D73596 /* ShapeNode.swift in Sources */ = {isa = PBXBuildFile; fileRef = 710548462248087700D73596 /* ShapeNode.swift */; };
		7105486222482F1E00D73596 /* BMW X5 4.obj in Resources */ = {isa = PBXBuildFile; fileRef = 7105486022482F1E00D73596 /* BMW X5 4.obj */; };
		7105486322482F1E00D73596 /* BMW X5 4.mtl in Resources */ = {isa = PBXBuildFile; fileRef = 7105486122482F1E00D73596 /* BMW X5 4.mtl */; };
		710A3019224025FE0055B05C /* RenderUtils.swift in Sources */ = {isa = PBXBuildFile; fileRef = 710A3018224025FE0055B05C /* RenderUtils.swift */; };
		7121A0CF222C514100203F2B /* MTextureLoader.swift in Sources */ = {isa = PBXBuildFile; fileRef = 7121A0CE222C514100203F2B /* MTextureLoader.swift */; };
		7121A0D1222C99BA00203F2B /* MathUtilities.swift in Sources */ = {isa = PBXBuildFile; fileRef = 7121A0D0222C99BA00203F2B /* MathUtilities.swift */; };
		7121A0D3222C9BCE00203F2B /* teapot.obj in Resources */ = {isa = PBXBuildFile; fileRef = 7121A0D2222C9BCE00203F2B /* teapot.obj */; };
		7127A624224B0C6800E4F3C6 /* blub.obj in Resources */ = {isa = PBXBuildFile; fileRef = 7127A623224B0C6800E4F3C6 /* blub.obj */; };
		7127A626224B0D0700E4F3C6 /* spot_quadrangulated.obj in Resources */ = {isa = PBXBuildFile; fileRef = 7127A625224B0D0700E4F3C6 /* spot_quadrangulated.obj */; };
		71361A9E22458A2D0032E052 /* MainMetalView.swift in Sources */ = {isa = PBXBuildFile; fileRef = 71361A9D22458A2D0032E052 /* MainMetalView.swift */; };
		71361AA02245935F0032E052 /* FlyingCamera.swift in Sources */ = {isa = PBXBuildFile; fileRef = 71361A9F2245935F0032E052 /* FlyingCamera.swift */; };
		7150121E224AC6A600AEABB2 /* skybox.png in Resources */ = {isa = PBXBuildFile; fileRef = 7150121D224AC6A600AEABB2 /* skybox.png */; };
		71501220224AC6AC00AEABB2 /* skybox.metal in Sources */ = {isa = PBXBuildFile; fileRef = 7150121F224AC6AC00AEABB2 /* skybox.metal */; };
		71728BBB222DDA730079226A /* Scene.swift in Sources */ = {isa = PBXBuildFile; fileRef = 71728BBA222DDA730079226A /* Scene.swift */; };
		71728BBD222EA58C0079226A /* Node.swift in Sources */ = {isa = PBXBuildFile; fileRef = 71728BBC222EA58C0079226A /* Node.swift */; };
		71728BBF222EF51F0079226A /* TerrainMesh.swift in Sources */ = {isa = PBXBuildFile; fileRef = 71728BBE222EF51F0079226A /* TerrainMesh.swift */; };
		71F521AB224AC2590005C090 /* Skybox.swift in Sources */ = {isa = PBXBuildFile; fileRef = 71F521AA224AC2590005C090 /* Skybox.swift */; };
		71FE8D962248497E00317744 /* tank.mtl in Resources */ = {isa = PBXBuildFile; fileRef = 71FE8D922248497D00317744 /* tank.mtl */; };
		71FE8D972248497E00317744 /* tank_treads.jpg in Resources */ = {isa = PBXBuildFile; fileRef = 71FE8D932248497D00317744 /* tank_treads.jpg */; };
		71FE8D982248497E00317744 /* tank.obj in Resources */ = {isa = PBXBuildFile; fileRef = 71FE8D942248497D00317744 /* tank.obj */; };
		71FE8D992248497E00317744 /* tank.jpg in Resources */ = {isa = PBXBuildFile; fileRef = 71FE8D952248497E00317744 /* tank.jpg */; };
		71FE8D9E22484AAD00317744 /* treasure_chest.obj in Resources */ = {isa = PBXBuildFile; fileRef = 71FE8D9B22484AAD00317744 /* treasure_chest.obj */; };
		71FE8D9F22484AAD00317744 /* treasure_chest.JPG in Resources */ = {isa = PBXBuildFile; fileRef = 71FE8D9C22484AAD00317744 /* treasure_chest.JPG */; };
		71FE8DA022484AAD00317744 /* treasure_chest.mtl in Resources */ = {isa = PBXBuildFile; fileRef = 71FE8D9D22484AAD00317744 /* treasure_chest.mtl */; };
/* End PBXBuildFile section */

/* Begin PBXFileReference section */
		7101BC352226C6BE00C0D90C /* MetalTest.app */ = {isa = PBXFileReference; explicitFileType = wrapper.application; includeInIndex = 0; path = MetalTest.app; sourceTree = BUILT_PRODUCTS_DIR; };
		7101BC382226C6BE00C0D90C /* AppDelegate.swift */ = {isa = PBXFileReference; lastKnownFileType = sourcecode.swift; path = AppDelegate.swift; sourceTree = "<group>"; };
		7101BC3A2226C6BE00C0D90C /* ViewController.swift */ = {isa = PBXFileReference; lastKnownFileType = sourcecode.swift; path = ViewController.swift; sourceTree = "<group>"; };
		7101BC3C2226C6C000C0D90C /* Assets.xcassets */ = {isa = PBXFileReference; lastKnownFileType = folder.assetcatalog; path = Assets.xcassets; sourceTree = "<group>"; };
		7101BC3F2226C6C000C0D90C /* Base */ = {isa = PBXFileReference; lastKnownFileType = file.storyboard; name = Base; path = Base.lproj/Main.storyboard; sourceTree = "<group>"; };
		7101BC412226C6C000C0D90C /* Info.plist */ = {isa = PBXFileReference; lastKnownFileType = text.plist.xml; path = Info.plist; sourceTree = "<group>"; };
		7101BC422226C6C000C0D90C /* MetalTest.entitlements */ = {isa = PBXFileReference; lastKnownFileType = text.plist.entitlements; path = MetalTest.entitlements; sourceTree = "<group>"; };
		7101BC482226F7EA00C0D90C /* Renderer.swift */ = {isa = PBXFileReference; lastKnownFileType = sourcecode.swift; path = Renderer.swift; sourceTree = "<group>"; };
		7101BC4A2226F84A00C0D90C /* Shader.metal */ = {isa = PBXFileReference; lastKnownFileType = sourcecode.metal; path = Shader.metal; sourceTree = "<group>"; };
		710547F422466E4B00D73596 /* HelmetNode.swift */ = {isa = PBXFileReference; lastKnownFileType = sourcecode.swift; path = HelmetNode.swift; sourceTree = "<group>"; };
		710547FB22467D7600D73596 /* garage_pmrem.ktx */ = {isa = PBXFileReference; lastKnownFileType = file; path = garage_pmrem.ktx; sourceTree = "<group>"; };
		710547FC22467D7600D73596 /* helmet_normal.jpg */ = {isa = PBXFileReference; lastKnownFileType = image.jpeg; path = helmet_normal.jpg; sourceTree = "<group>"; };
		710547FD22467D7600D73596 /* helmet.mtl */ = {isa = PBXFileReference; fileEncoding = 4; lastKnownFileType = text; path = helmet.mtl; sourceTree = "<group>"; };
		710547FE22467D7600D73596 /* helmet_roughness.jpg */ = {isa = PBXFileReference; lastKnownFileType = image.jpeg; path = helmet_roughness.jpg; sourceTree = "<group>"; };
		710547FF22467D7600D73596 /* helmet.obj */ = {isa = PBXFileReference; fileEncoding = 4; lastKnownFileType = text; path = helmet.obj; sourceTree = "<group>"; };
		7105480122467D7600D73596 /* helmet_baseColor.png */ = {isa = PBXFileReference; lastKnownFileType = image.png; path = helmet_baseColor.png; sourceTree = "<group>"; };
		7105480222467D7600D73596 /* loft_pmrem.ktx */ = {isa = PBXFileReference; lastKnownFileType = file; path = loft_pmrem.ktx; sourceTree = "<group>"; };
		7105480322467D7600D73596 /* helmet_metallicRoughness.png */ = {isa = PBXFileReference; lastKnownFileType = image.png; path = helmet_metallicRoughness.png; sourceTree = "<group>"; };
		7105480422467D7600D73596 /* helmet_metallic.jpg */ = {isa = PBXFileReference; lastKnownFileType = image.jpeg; path = helmet_metallic.jpg; sourceTree = "<group>"; };
		7105480F22467D7D00D73596 /* Helmet.metal */ = {isa = PBXFileReference; fileEncoding = 4; lastKnownFileType = sourcecode.metal; path = Helmet.metal; sourceTree = "<group>"; };
		710548132247F4A400D73596 /* tesselator.h */ = {isa = PBXFileReference; fileEncoding = 4; lastKnownFileType = sourcecode.c.h; path = tesselator.h; sourceTree = "<group>"; };
		710548152247F4A400D73596 /* dict.c */ = {isa = PBXFileReference; fileEncoding = 4; lastKnownFileType = sourcecode.c.c; path = dict.c; sourceTree = "<group>"; };
		710548162247F4A400D73596 /* tess.h */ = {isa = PBXFileReference; fileEncoding = 4; lastKnownFileType = sourcecode.c.h; path = tess.h; sourceTree = "<group>"; };
		710548172247F4A400D73596 /* priorityq.c */ = {isa = PBXFileReference; fileEncoding = 4; lastKnownFileType = sourcecode.c.c; path = priorityq.c; sourceTree = "<group>"; };
		710548182247F4A400D73596 /* bucketalloc.h */ = {isa = PBXFileReference; fileEncoding = 4; lastKnownFileType = sourcecode.c.h; path = bucketalloc.h; sourceTree = "<group>"; };
		710548192247F4A400D73596 /* sweep.c */ = {isa = PBXFileReference; fileEncoding = 4; lastKnownFileType = sourcecode.c.c; path = sweep.c; sourceTree = "<group>"; };
		7105481A2247F4A400D73596 /* geom.c */ = {isa = PBXFileReference; fileEncoding = 4; lastKnownFileType = sourcecode.c.c; path = geom.c; sourceTree = "<group>"; };
		7105481B2247F4A400D73596 /* mesh.h */ = {isa = PBXFileReference; fileEncoding = 4; lastKnownFileType = sourcecode.c.h; path = mesh.h; sourceTree = "<group>"; };
		7105481C2247F4A400D73596 /* tess.c */ = {isa = PBXFileReference; fileEncoding = 4; lastKnownFileType = sourcecode.c.c; path = tess.c; sourceTree = "<group>"; };
		7105481D2247F4A400D73596 /* dict.h */ = {isa = PBXFileReference; fileEncoding = 4; lastKnownFileType = sourcecode.c.h; path = dict.h; sourceTree = "<group>"; };
		7105481E2247F4A400D73596 /* priorityq.h */ = {isa = PBXFileReference; fileEncoding = 4; lastKnownFileType = sourcecode.c.h; path = priorityq.h; sourceTree = "<group>"; };
		7105481F2247F4A400D73596 /* sweep.h */ = {isa = PBXFileReference; fileEncoding = 4; lastKnownFileType = sourcecode.c.h; path = sweep.h; sourceTree = "<group>"; };
		710548202247F4A400D73596 /* bucketalloc.c */ = {isa = PBXFileReference; fileEncoding = 4; lastKnownFileType = sourcecode.c.c; path = bucketalloc.c; sourceTree = "<group>"; };
		710548212247F4A400D73596 /* mesh.c */ = {isa = PBXFileReference; fileEncoding = 4; lastKnownFileType = sourcecode.c.c; path = mesh.c; sourceTree = "<group>"; };
		710548222247F4A400D73596 /* geom.h */ = {isa = PBXFileReference; fileEncoding = 4; lastKnownFileType = sourcecode.c.h; path = geom.h; sourceTree = "<group>"; };
		710548232247F4A400D73596 /* README.md */ = {isa = PBXFileReference; fileEncoding = 4; lastKnownFileType = net.daringfireball.markdown; path = README.md; sourceTree = "<group>"; };
		710548242247F4A400D73596 /* .gitignore */ = {isa = PBXFileReference; fileEncoding = 4; lastKnownFileType = text; path = .gitignore; sourceTree = "<group>"; };
		710548252247F4A400D73596 /* alg_outline.md */ = {isa = PBXFileReference; fileEncoding = 4; lastKnownFileType = net.daringfireball.markdown; path = alg_outline.md; sourceTree = "<group>"; };
		710548262247F4A400D73596 /* LICENSE.txt */ = {isa = PBXFileReference; fileEncoding = 4; lastKnownFileType = text; path = LICENSE.txt; sourceTree = "<group>"; };
		710548332247F4BF00D73596 /* MBETextMesh.m */ = {isa = PBXFileReference; fileEncoding = 4; lastKnownFileType = sourcecode.c.objc; path = MBETextMesh.m; sourceTree = "<group>"; };
		710548342247F4BF00D73596 /* MBETextTypes.h */ = {isa = PBXFileReference; fileEncoding = 4; lastKnownFileType = sourcecode.c.h; path = MBETextTypes.h; sourceTree = "<group>"; };
		710548352247F4C000D73596 /* MBETextTypes.m */ = {isa = PBXFileReference; fileEncoding = 4; lastKnownFileType = sourcecode.c.objc; path = MBETextTypes.m; sourceTree = "<group>"; };
		710548362247F4C000D73596 /* MBETextMesh.h */ = {isa = PBXFileReference; fileEncoding = 4; lastKnownFileType = sourcecode.c.h; path = MBETextMesh.h; sourceTree = "<group>"; };
		710548392247F4C700D73596 /* Text.metal */ = {isa = PBXFileReference; fileEncoding = 4; lastKnownFileType = sourcecode.metal; path = Text.metal; sourceTree = "<group>"; };
		7105483B2247F50800D73596 /* TextNode.swift */ = {isa = PBXFileReference; lastKnownFileType = sourcecode.swift; path = TextNode.swift; sourceTree = "<group>"; };
		7105483D2247F5C800D73596 /* Material.swift */ = {isa = PBXFileReference; lastKnownFileType = sourcecode.swift; path = Material.swift; sourceTree = "<group>"; };
		710548452247FC6000D73596 /* MetalTest-Bridging-Header.h */ = {isa = PBXFileReference; lastKnownFileType = sourcecode.c.h; path = "MetalTest-Bridging-Header.h"; sourceTree = "<group>"; };
		710548462248087700D73596 /* ShapeNode.swift */ = {isa = PBXFileReference; lastKnownFileType = sourcecode.swift; path = ShapeNode.swift; sourceTree = "<group>"; };
		7105486022482F1E00D73596 /* BMW X5 4.obj */ = {isa = PBXFileReference; fileEncoding = 4; lastKnownFileType = text; path = "BMW X5 4.obj"; sourceTree = "<group>"; };
		7105486122482F1E00D73596 /* BMW X5 4.mtl */ = {isa = PBXFileReference; fileEncoding = 4; lastKnownFileType = text; path = "BMW X5 4.mtl"; sourceTree = "<group>"; };
		7107939522487171005398EA /* alpha-island_ft.tga */ = {isa = PBXFileReference; lastKnownFileType = file; path = "alpha-island_ft.tga"; sourceTree = "<group>"; };
		7107939622487171005398EA /* alpha-island_bk.tga */ = {isa = PBXFileReference; lastKnownFileType = file; path = "alpha-island_bk.tga"; sourceTree = "<group>"; };
		7107939722487171005398EA /* alpha-island_lf.tga */ = {isa = PBXFileReference; lastKnownFileType = file; path = "alpha-island_lf.tga"; sourceTree = "<group>"; };
		7107939822487172005398EA /* alpha-island_rt.tga */ = {isa = PBXFileReference; lastKnownFileType = file; path = "alpha-island_rt.tga"; sourceTree = "<group>"; };
		7107939922487172005398EA /* alpha-island_up.tga */ = {isa = PBXFileReference; lastKnownFileType = file; path = "alpha-island_up.tga"; sourceTree = "<group>"; };
		7107939A22487172005398EA /* alpha-island_dn.tga */ = {isa = PBXFileReference; lastKnownFileType = file; path = "alpha-island_dn.tga"; sourceTree = "<group>"; };
		710A3018224025FE0055B05C /* RenderUtils.swift */ = {isa = PBXFileReference; lastKnownFileType = sourcecode.swift; path = RenderUtils.swift; sourceTree = "<group>"; };
		7121A0CE222C514100203F2B /* MTextureLoader.swift */ = {isa = PBXFileReference; lastKnownFileType = sourcecode.swift; path = MTextureLoader.swift; sourceTree = "<group>"; };
		7121A0D0222C99BA00203F2B /* MathUtilities.swift */ = {isa = PBXFileReference; lastKnownFileType = sourcecode.swift; path = MathUtilities.swift; sourceTree = "<group>"; };
		7121A0D2222C9BCE00203F2B /* teapot.obj */ = {isa = PBXFileReference; fileEncoding = 4; lastKnownFileType = text; path = teapot.obj; sourceTree = "<group>"; };
		7127A623224B0C6800E4F3C6 /* blub.obj */ = {isa = PBXFileReference; fileEncoding = 4; lastKnownFileType = text; path = blub.obj; sourceTree = "<group>"; };
		7127A625224B0D0700E4F3C6 /* spot_quadrangulated.obj */ = {isa = PBXFileReference; fileEncoding = 4; lastKnownFileType = text; path = spot_quadrangulated.obj; sourceTree = "<group>"; };
		71361A9D22458A2D0032E052 /* MainMetalView.swift */ = {isa = PBXFileReference; lastKnownFileType = sourcecode.swift; path = MainMetalView.swift; sourceTree = "<group>"; };
		71361A9F2245935F0032E052 /* FlyingCamera.swift */ = {isa = PBXFileReference; lastKnownFileType = sourcecode.swift; path = FlyingCamera.swift; sourceTree = "<group>"; };
		7150121D224AC6A600AEABB2 /* skybox.png */ = {isa = PBXFileReference; lastKnownFileType = image.png; path = skybox.png; sourceTree = "<group>"; };
		7150121F224AC6AC00AEABB2 /* skybox.metal */ = {isa = PBXFileReference; fileEncoding = 4; lastKnownFileType = sourcecode.metal; path = skybox.metal; sourceTree = "<group>"; };
		71501221224AD35E00AEABB2 /* SkyboxHeader.h */ = {isa = PBXFileReference; lastKnownFileType = sourcecode.c.h; path = SkyboxHeader.h; sourceTree = "<group>"; };
		71728BBA222DDA730079226A /* Scene.swift */ = {isa = PBXFileReference; lastKnownFileType = sourcecode.swift; path = Scene.swift; sourceTree = "<group>"; };
		71728BBC222EA58C0079226A /* Node.swift */ = {isa = PBXFileReference; lastKnownFileType = sourcecode.swift; path = Node.swift; sourceTree = "<group>"; };
		71728BBE222EF51F0079226A /* TerrainMesh.swift */ = {isa = PBXFileReference; lastKnownFileType = sourcecode.swift; path = TerrainMesh.swift; sourceTree = "<group>"; };
		71F521AA224AC2590005C090 /* Skybox.swift */ = {isa = PBXFileReference; lastKnownFileType = sourcecode.swift; path = Skybox.swift; sourceTree = "<group>"; };
		71FE8D922248497D00317744 /* tank.mtl */ = {isa = PBXFileReference; fileEncoding = 4; lastKnownFileType = text; path = tank.mtl; sourceTree = "<group>"; };
		71FE8D932248497D00317744 /* tank_treads.jpg */ = {isa = PBXFileReference; lastKnownFileType = image.jpeg; path = tank_treads.jpg; sourceTree = "<group>"; };
		71FE8D942248497D00317744 /* tank.obj */ = {isa = PBXFileReference; fileEncoding = 4; lastKnownFileType = text; path = tank.obj; sourceTree = "<group>"; };
		71FE8D952248497E00317744 /* tank.jpg */ = {isa = PBXFileReference; lastKnownFileType = image.jpeg; path = tank.jpg; sourceTree = "<group>"; };
		71FE8D9B22484AAD00317744 /* treasure_chest.obj */ = {isa = PBXFileReference; fileEncoding = 4; lastKnownFileType = text; path = treasure_chest.obj; sourceTree = "<group>"; };
		71FE8D9C22484AAD00317744 /* treasure_chest.JPG */ = {isa = PBXFileReference; lastKnownFileType = image.jpeg; path = treasure_chest.JPG; sourceTree = "<group>"; };
		71FE8D9D22484AAD00317744 /* treasure_chest.mtl */ = {isa = PBXFileReference; fileEncoding = 4; lastKnownFileType = text; path = treasure_chest.mtl; sourceTree = "<group>"; };
/* End PBXFileReference section */

/* Begin PBXFrameworksBuildPhase section */
		7101BC322226C6BE00C0D90C /* Frameworks */ = {
			isa = PBXFrameworksBuildPhase;
			buildActionMask = 2147483647;
			files = (
			);
			runOnlyForDeploymentPostprocessing = 0;
		};
/* End PBXFrameworksBuildPhase section */

/* Begin PBXGroup section */
		7101BC2C2226C6BD00C0D90C = {
			isa = PBXGroup;
			children = (
				7101BC372226C6BE00C0D90C /* MetalTest */,
				7101BC362226C6BE00C0D90C /* Products */,
			);
			sourceTree = "<group>";
		};
		7101BC362226C6BE00C0D90C /* Products */ = {
			isa = PBXGroup;
			children = (
				7101BC352226C6BE00C0D90C /* MetalTest.app */,
			);
			name = Products;
			sourceTree = "<group>";
		};
		7101BC372226C6BE00C0D90C /* MetalTest */ = {
			isa = PBXGroup;
			children = (
				710548452247FC6000D73596 /* MetalTest-Bridging-Header.h */,
				710548322247F4AD00D73596 /* Text */,
				710548112247F4A400D73596 /* libtess2 */,
				710A3011224023A60055B05C /* Assets */,
				7101BC382226C6BE00C0D90C /* AppDelegate.swift */,
				7101BC3A2226C6BE00C0D90C /* ViewController.swift */,
				7101BC3C2226C6C000C0D90C /* Assets.xcassets */,
				7101BC3E2226C6C000C0D90C /* Main.storyboard */,
				7101BC412226C6C000C0D90C /* Info.plist */,
				7101BC422226C6C000C0D90C /* MetalTest.entitlements */,
				7101BC482226F7EA00C0D90C /* Renderer.swift */,
				7121A0CE222C514100203F2B /* MTextureLoader.swift */,
				7121A0D0222C99BA00203F2B /* MathUtilities.swift */,
				71728BBA222DDA730079226A /* Scene.swift */,
				71728BBC222EA58C0079226A /* Node.swift */,
				71728BBE222EF51F0079226A /* TerrainMesh.swift */,
				710A3018224025FE0055B05C /* RenderUtils.swift */,
				71361A9D22458A2D0032E052 /* MainMetalView.swift */,
				71361A9F2245935F0032E052 /* FlyingCamera.swift */,
				710547F422466E4B00D73596 /* HelmetNode.swift */,
				7105483D2247F5C800D73596 /* Material.swift */,
				710548462248087700D73596 /* ShapeNode.swift */,
				71F521AA224AC2590005C090 /* Skybox.swift */,
			);
			path = MetalTest;
			sourceTree = "<group>";
		};
		710547FA22467D7600D73596 /* Resources */ = {
			isa = PBXGroup;
			children = (
				710547FB22467D7600D73596 /* garage_pmrem.ktx */,
				710547FC22467D7600D73596 /* helmet_normal.jpg */,
				710547FD22467D7600D73596 /* helmet.mtl */,
				710547FE22467D7600D73596 /* helmet_roughness.jpg */,
				710547FF22467D7600D73596 /* helmet.obj */,
				7105480122467D7600D73596 /* helmet_baseColor.png */,
				7105480222467D7600D73596 /* loft_pmrem.ktx */,
				7105480322467D7600D73596 /* helmet_metallicRoughness.png */,
				7105480422467D7600D73596 /* helmet_metallic.jpg */,
			);
			path = Resources;
			sourceTree = "<group>";
		};
		710548112247F4A400D73596 /* libtess2 */ = {
			isa = PBXGroup;
			children = (
				710548122247F4A400D73596 /* include */,
				710548142247F4A400D73596 /* source */,
				710548232247F4A400D73596 /* README.md */,
				710548242247F4A400D73596 /* .gitignore */,
				710548252247F4A400D73596 /* alg_outline.md */,
				710548262247F4A400D73596 /* LICENSE.txt */,
			);
			path = libtess2;
			sourceTree = "<group>";
		};
		710548122247F4A400D73596 /* include */ = {
			isa = PBXGroup;
			children = (
				710548132247F4A400D73596 /* tesselator.h */,
			);
			path = include;
			sourceTree = "<group>";
		};
		710548142247F4A400D73596 /* source */ = {
			isa = PBXGroup;
			children = (
				710548152247F4A400D73596 /* dict.c */,
				710548162247F4A400D73596 /* tess.h */,
				710548172247F4A400D73596 /* priorityq.c */,
				710548182247F4A400D73596 /* bucketalloc.h */,
				710548192247F4A400D73596 /* sweep.c */,
				7105481A2247F4A400D73596 /* geom.c */,
				7105481B2247F4A400D73596 /* mesh.h */,
				7105481C2247F4A400D73596 /* tess.c */,
				7105481D2247F4A400D73596 /* dict.h */,
				7105481E2247F4A400D73596 /* priorityq.h */,
				7105481F2247F4A400D73596 /* sweep.h */,
				710548202247F4A400D73596 /* bucketalloc.c */,
				710548212247F4A400D73596 /* mesh.c */,
				710548222247F4A400D73596 /* geom.h */,
			);
			path = source;
			sourceTree = "<group>";
		};
		710548322247F4AD00D73596 /* Text */ = {
			isa = PBXGroup;
			children = (
				710548362247F4C000D73596 /* MBETextMesh.h */,
				710548332247F4BF00D73596 /* MBETextMesh.m */,
				710548342247F4BF00D73596 /* MBETextTypes.h */,
				710548352247F4C000D73596 /* MBETextTypes.m */,
				710548392247F4C700D73596 /* Text.metal */,
				7105483B2247F50800D73596 /* TextNode.swift */,
			);
			path = Text;
			sourceTree = "<group>";
		};
		7107939422487166005398EA /* SkyBox */ = {
			isa = PBXGroup;
			children = (
				7150121F224AC6AC00AEABB2 /* skybox.metal */,
				7150121D224AC6A600AEABB2 /* skybox.png */,
				7107939622487171005398EA /* alpha-island_bk.tga */,
				7107939A22487172005398EA /* alpha-island_dn.tga */,
				7107939522487171005398EA /* alpha-island_ft.tga */,
				7107939722487171005398EA /* alpha-island_lf.tga */,
				7107939822487172005398EA /* alpha-island_rt.tga */,
				7107939922487172005398EA /* alpha-island_up.tga */,
				71501221224AD35E00AEABB2 /* SkyboxHeader.h */,
			);
			path = SkyBox;
			sourceTree = "<group>";
		};
		710A3011224023A60055B05C /* Assets */ = {
			isa = PBXGroup;
			children = (
				7107939422487166005398EA /* SkyBox */,
				71FE8D9A22484AA000317744 /* Treasure */,
				71FE8D912248496E00317744 /* Tank */,
				7105486122482F1E00D73596 /* BMW X5 4.mtl */,
				7105486022482F1E00D73596 /* BMW X5 4.obj */,
				710547FA22467D7600D73596 /* Resources */,
				7127A623224B0C6800E4F3C6 /* blub.obj */,
				7127A625224B0D0700E4F3C6 /* spot_quadrangulated.obj */,
				7121A0D2222C9BCE00203F2B /* teapot.obj */,
				7101BC4A2226F84A00C0D90C /* Shader.metal */,
				7105480F22467D7D00D73596 /* Helmet.metal */,
			);
			path = Assets;
			sourceTree = "<group>";
		};
		71FE8D912248496E00317744 /* Tank */ = {
			isa = PBXGroup;
			children = (
				71FE8D932248497D00317744 /* tank_treads.jpg */,
				71FE8D952248497E00317744 /* tank.jpg */,
				71FE8D922248497D00317744 /* tank.mtl */,
				71FE8D942248497D00317744 /* tank.obj */,
			);
			path = Tank;
			sourceTree = "<group>";
		};
		71FE8D9A22484AA000317744 /* Treasure */ = {
			isa = PBXGroup;
			children = (
				71FE8D9C22484AAD00317744 /* treasure_chest.JPG */,
				71FE8D9D22484AAD00317744 /* treasure_chest.mtl */,
				71FE8D9B22484AAD00317744 /* treasure_chest.obj */,
			);
			path = Treasure;
			sourceTree = "<group>";
		};
/* End PBXGroup section */

/* Begin PBXNativeTarget section */
		7101BC342226C6BE00C0D90C /* MetalTest */ = {
			isa = PBXNativeTarget;
			buildConfigurationList = 7101BC452226C6C000C0D90C /* Build configuration list for PBXNativeTarget "MetalTest" */;
			buildPhases = (
				7101BC312226C6BE00C0D90C /* Sources */,
				7101BC322226C6BE00C0D90C /* Frameworks */,
				7101BC332226C6BE00C0D90C /* Resources */,
			);
			buildRules = (
			);
			dependencies = (
			);
			name = MetalTest;
			productName = MetalTest;
			productReference = 7101BC352226C6BE00C0D90C /* MetalTest.app */;
			productType = "com.apple.product-type.application";
		};
/* End PBXNativeTarget section */

/* Begin PBXProject section */
		7101BC2D2226C6BE00C0D90C /* Project object */ = {
			isa = PBXProject;
			attributes = {
				LastSwiftUpdateCheck = 1010;
				LastUpgradeCheck = 1010;
				ORGANIZATIONNAME = "Леонид Лядвейкин";
				TargetAttributes = {
					7101BC342226C6BE00C0D90C = {
						CreatedOnToolsVersion = 10.1;
					};
				};
			};
			buildConfigurationList = 7101BC302226C6BE00C0D90C /* Build configuration list for PBXProject "MetalTest" */;
			compatibilityVersion = "Xcode 9.3";
			developmentRegion = en;
			hasScannedForEncodings = 0;
			knownRegions = (
				en,
				Base,
			);
			mainGroup = 7101BC2C2226C6BD00C0D90C;
			productRefGroup = 7101BC362226C6BE00C0D90C /* Products */;
			projectDirPath = "";
			projectRoot = "";
			targets = (
				7101BC342226C6BE00C0D90C /* MetalTest */,
			);
		};
/* End PBXProject section */

/* Begin PBXResourcesBuildPhase section */
		7101BC332226C6BE00C0D90C /* Resources */ = {
			isa = PBXResourcesBuildPhase;
			buildActionMask = 2147483647;
			files = (
				71FE8D972248497E00317744 /* tank_treads.jpg in Resources */,
				71FE8DA022484AAD00317744 /* treasure_chest.mtl in Resources */,
				7105480922467D7600D73596 /* helmet.obj in Resources */,
				7105480E22467D7600D73596 /* helmet_metallic.jpg in Resources */,
				7101BC3D2226C6C000C0D90C /* Assets.xcassets in Resources */,
				7127A624224B0C6800E4F3C6 /* blub.obj in Resources */,
				7101BC402226C6C000C0D90C /* Main.storyboard in Resources */,
				7105480622467D7600D73596 /* helmet_normal.jpg in Resources */,
				710548312247F4A500D73596 /* LICENSE.txt in Resources */,
				71FE8D9E22484AAD00317744 /* treasure_chest.obj in Resources */,
				7105482E2247F4A500D73596 /* README.md in Resources */,
				7105480722467D7600D73596 /* helmet.mtl in Resources */,
				7150121E224AC6A600AEABB2 /* skybox.png in Resources */,
				7105480C22467D7600D73596 /* loft_pmrem.ktx in Resources */,
				7105480D22467D7600D73596 /* helmet_metallicRoughness.png in Resources */,
				71FE8D9F22484AAD00317744 /* treasure_chest.JPG in Resources */,
				7105482F2247F4A500D73596 /* .gitignore in Resources */,
				71FE8D992248497E00317744 /* tank.jpg in Resources */,
				7105480822467D7600D73596 /* helmet_roughness.jpg in Resources */,
				71FE8D962248497E00317744 /* tank.mtl in Resources */,
				7121A0D3222C9BCE00203F2B /* teapot.obj in Resources */,
				710548302247F4A500D73596 /* alg_outline.md in Resources */,
				7105486222482F1E00D73596 /* BMW X5 4.obj in Resources */,
				7127A626224B0D0700E4F3C6 /* spot_quadrangulated.obj in Resources */,
				7105480B22467D7600D73596 /* helmet_baseColor.png in Resources */,
				7105480522467D7600D73596 /* garage_pmrem.ktx in Resources */,
				7105486322482F1E00D73596 /* BMW X5 4.mtl in Resources */,
				71FE8D982248497E00317744 /* tank.obj in Resources */,
			);
			runOnlyForDeploymentPostprocessing = 0;
		};
/* End PBXResourcesBuildPhase section */

/* Begin PBXSourcesBuildPhase section */
		7101BC312226C6BE00C0D90C /* Sources */ = {
			isa = PBXSourcesBuildPhase;
			buildActionMask = 2147483647;
			files = (
				7105483E2247F5C800D73596 /* Material.swift in Sources */,
				7101BC4B2226F84A00C0D90C /* Shader.metal in Sources */,
				71728BBF222EF51F0079226A /* TerrainMesh.swift in Sources */,
				7105483A2247F4C700D73596 /* Text.metal in Sources */,
				71501220224AC6AC00AEABB2 /* skybox.metal in Sources */,
				7101BC3B2226C6BE00C0D90C /* ViewController.swift in Sources */,
				710548292247F4A400D73596 /* sweep.c in Sources */,
				71361A9E22458A2D0032E052 /* MainMetalView.swift in Sources */,
				710548372247F4C000D73596 /* MBETextMesh.m in Sources */,
				71361AA02245935F0032E052 /* FlyingCamera.swift in Sources */,
				71F521AB224AC2590005C090 /* Skybox.swift in Sources */,
				7105483C2247F50800D73596 /* TextNode.swift in Sources */,
				7105482B2247F4A400D73596 /* tess.c in Sources */,
				7121A0CF222C514100203F2B /* MTextureLoader.swift in Sources */,
				710548282247F4A400D73596 /* priorityq.c in Sources */,
				710A3019224025FE0055B05C /* RenderUtils.swift in Sources */,
				7105482D2247F4A500D73596 /* mesh.c in Sources */,
				7105482C2247F4A400D73596 /* bucketalloc.c in Sources */,
				710548472248087700D73596 /* ShapeNode.swift in Sources */,
				710548382247F4C000D73596 /* MBETextTypes.m in Sources */,
				7105481022467D7D00D73596 /* Helmet.metal in Sources */,
				71728BBD222EA58C0079226A /* Node.swift in Sources */,
				7101BC492226F7EA00C0D90C /* Renderer.swift in Sources */,
				71728BBB222DDA730079226A /* Scene.swift in Sources */,
				7105482A2247F4A400D73596 /* geom.c in Sources */,
				710547F522466E4B00D73596 /* HelmetNode.swift in Sources */,
				7121A0D1222C99BA00203F2B /* MathUtilities.swift in Sources */,
				7101BC392226C6BE00C0D90C /* AppDelegate.swift in Sources */,
				710548272247F4A400D73596 /* dict.c in Sources */,
			);
			runOnlyForDeploymentPostprocessing = 0;
		};
/* End PBXSourcesBuildPhase section */

/* Begin PBXVariantGroup section */
		7101BC3E2226C6C000C0D90C /* Main.storyboard */ = {
			isa = PBXVariantGroup;
			children = (
				7101BC3F2226C6C000C0D90C /* Base */,
			);
			name = Main.storyboard;
			sourceTree = "<group>";
		};
/* End PBXVariantGroup section */

/* Begin XCBuildConfiguration section */
		7101BC432226C6C000C0D90C /* Debug */ = {
			isa = XCBuildConfiguration;
			buildSettings = {
				ALWAYS_SEARCH_USER_PATHS = NO;
				CLANG_ANALYZER_NONNULL = YES;
				CLANG_ANALYZER_NUMBER_OBJECT_CONVERSION = YES_AGGRESSIVE;
				CLANG_CXX_LANGUAGE_STANDARD = "gnu++14";
				CLANG_CXX_LIBRARY = "libc++";
				CLANG_ENABLE_MODULES = YES;
				CLANG_ENABLE_OBJC_ARC = YES;
				CLANG_ENABLE_OBJC_WEAK = YES;
				CLANG_WARN_BLOCK_CAPTURE_AUTORELEASING = YES;
				CLANG_WARN_BOOL_CONVERSION = YES;
				CLANG_WARN_COMMA = YES;
				CLANG_WARN_CONSTANT_CONVERSION = YES;
				CLANG_WARN_DEPRECATED_OBJC_IMPLEMENTATIONS = YES;
				CLANG_WARN_DIRECT_OBJC_ISA_USAGE = YES_ERROR;
				CLANG_WARN_DOCUMENTATION_COMMENTS = YES;
				CLANG_WARN_EMPTY_BODY = YES;
				CLANG_WARN_ENUM_CONVERSION = YES;
				CLANG_WARN_INFINITE_RECURSION = YES;
				CLANG_WARN_INT_CONVERSION = YES;
				CLANG_WARN_NON_LITERAL_NULL_CONVERSION = YES;
				CLANG_WARN_OBJC_IMPLICIT_RETAIN_SELF = YES;
				CLANG_WARN_OBJC_LITERAL_CONVERSION = YES;
				CLANG_WARN_OBJC_ROOT_CLASS = YES_ERROR;
				CLANG_WARN_RANGE_LOOP_ANALYSIS = YES;
				CLANG_WARN_STRICT_PROTOTYPES = YES;
				CLANG_WARN_SUSPICIOUS_MOVE = YES;
				CLANG_WARN_UNGUARDED_AVAILABILITY = YES_AGGRESSIVE;
				CLANG_WARN_UNREACHABLE_CODE = YES;
				CLANG_WARN__DUPLICATE_METHOD_MATCH = YES;
				CODE_SIGN_IDENTITY = "Mac Developer";
				COPY_PHASE_STRIP = NO;
				DEBUG_INFORMATION_FORMAT = dwarf;
				ENABLE_STRICT_OBJC_MSGSEND = YES;
				ENABLE_TESTABILITY = YES;
				GCC_C_LANGUAGE_STANDARD = gnu11;
				GCC_DYNAMIC_NO_PIC = NO;
				GCC_NO_COMMON_BLOCKS = YES;
				GCC_OPTIMIZATION_LEVEL = 0;
				GCC_PREPROCESSOR_DEFINITIONS = (
					"DEBUG=1",
					"$(inherited)",
				);
				GCC_WARN_64_TO_32_BIT_CONVERSION = YES;
				GCC_WARN_ABOUT_RETURN_TYPE = YES_ERROR;
				GCC_WARN_UNDECLARED_SELECTOR = YES;
				GCC_WARN_UNINITIALIZED_AUTOS = YES_AGGRESSIVE;
				GCC_WARN_UNUSED_FUNCTION = YES;
				GCC_WARN_UNUSED_VARIABLE = YES;
				MACOSX_DEPLOYMENT_TARGET = 10.14;
				MTL_ENABLE_DEBUG_INFO = INCLUDE_SOURCE;
				MTL_FAST_MATH = YES;
				ONLY_ACTIVE_ARCH = YES;
				SDKROOT = macosx;
				SWIFT_ACTIVE_COMPILATION_CONDITIONS = DEBUG;
				SWIFT_OPTIMIZATION_LEVEL = "-Onone";
			};
			name = Debug;
		};
		7101BC442226C6C000C0D90C /* Release */ = {
			isa = XCBuildConfiguration;
			buildSettings = {
				ALWAYS_SEARCH_USER_PATHS = NO;
				CLANG_ANALYZER_NONNULL = YES;
				CLANG_ANALYZER_NUMBER_OBJECT_CONVERSION = YES_AGGRESSIVE;
				CLANG_CXX_LANGUAGE_STANDARD = "gnu++14";
				CLANG_CXX_LIBRARY = "libc++";
				CLANG_ENABLE_MODULES = YES;
				CLANG_ENABLE_OBJC_ARC = YES;
				CLANG_ENABLE_OBJC_WEAK = YES;
				CLANG_WARN_BLOCK_CAPTURE_AUTORELEASING = YES;
				CLANG_WARN_BOOL_CONVERSION = YES;
				CLANG_WARN_COMMA = YES;
				CLANG_WARN_CONSTANT_CONVERSION = YES;
				CLANG_WARN_DEPRECATED_OBJC_IMPLEMENTATIONS = YES;
				CLANG_WARN_DIRECT_OBJC_ISA_USAGE = YES_ERROR;
				CLANG_WARN_DOCUMENTATION_COMMENTS = YES;
				CLANG_WARN_EMPTY_BODY = YES;
				CLANG_WARN_ENUM_CONVERSION = YES;
				CLANG_WARN_INFINITE_RECURSION = YES;
				CLANG_WARN_INT_CONVERSION = YES;
				CLANG_WARN_NON_LITERAL_NULL_CONVERSION = YES;
				CLANG_WARN_OBJC_IMPLICIT_RETAIN_SELF = YES;
				CLANG_WARN_OBJC_LITERAL_CONVERSION = YES;
				CLANG_WARN_OBJC_ROOT_CLASS = YES_ERROR;
				CLANG_WARN_RANGE_LOOP_ANALYSIS = YES;
				CLANG_WARN_STRICT_PROTOTYPES = YES;
				CLANG_WARN_SUSPICIOUS_MOVE = YES;
				CLANG_WARN_UNGUARDED_AVAILABILITY = YES_AGGRESSIVE;
				CLANG_WARN_UNREACHABLE_CODE = YES;
				CLANG_WARN__DUPLICATE_METHOD_MATCH = YES;
				CODE_SIGN_IDENTITY = "Mac Developer";
				COPY_PHASE_STRIP = NO;
				DEBUG_INFORMATION_FORMAT = "dwarf-with-dsym";
				ENABLE_NS_ASSERTIONS = NO;
				ENABLE_STRICT_OBJC_MSGSEND = YES;
				GCC_C_LANGUAGE_STANDARD = gnu11;
				GCC_NO_COMMON_BLOCKS = YES;
				GCC_WARN_64_TO_32_BIT_CONVERSION = YES;
				GCC_WARN_ABOUT_RETURN_TYPE = YES_ERROR;
				GCC_WARN_UNDECLARED_SELECTOR = YES;
				GCC_WARN_UNINITIALIZED_AUTOS = YES_AGGRESSIVE;
				GCC_WARN_UNUSED_FUNCTION = YES;
				GCC_WARN_UNUSED_VARIABLE = YES;
				MACOSX_DEPLOYMENT_TARGET = 10.14;
				MTL_ENABLE_DEBUG_INFO = NO;
				MTL_FAST_MATH = YES;
				SDKROOT = macosx;
				SWIFT_COMPILATION_MODE = wholemodule;
				SWIFT_OPTIMIZATION_LEVEL = "-O";
			};
			name = Release;
		};
		7101BC462226C6C000C0D90C /* Debug */ = {
			isa = XCBuildConfiguration;
			buildSettings = {
				ASSETCATALOG_COMPILER_APPICON_NAME = AppIcon;
				CODE_SIGN_ENTITLEMENTS = MetalTest/MetalTest.entitlements;
				CODE_SIGN_STYLE = Automatic;
				COMBINE_HIDPI_IMAGES = YES;
				DEVELOPMENT_TEAM = 98A95ZRNVF;
				INFOPLIST_FILE = MetalTest/Info.plist;
				LD_RUNPATH_SEARCH_PATHS = (
					"$(inherited)",
					"@executable_path/../Frameworks",
				);
				PRODUCT_BUNDLE_IDENTIFIER = ru.hse.MetalTest;
				PRODUCT_NAME = "$(TARGET_NAME)";
				SWIFT_OBJC_BRIDGING_HEADER = "$(SRCROOT)/$(PROJECT_NAME)/$(SWIFT_MODULE_NAME)-Bridging-Header.h";
				SWIFT_VERSION = 4.2;
			};
			name = Debug;
		};
		7101BC472226C6C000C0D90C /* Release */ = {
			isa = XCBuildConfiguration;
			buildSettings = {
				ASSETCATALOG_COMPILER_APPICON_NAME = AppIcon;
				CODE_SIGN_ENTITLEMENTS = MetalTest/MetalTest.entitlements;
				CODE_SIGN_STYLE = Automatic;
				COMBINE_HIDPI_IMAGES = YES;
				DEVELOPMENT_TEAM = 98A95ZRNVF;
				INFOPLIST_FILE = MetalTest/Info.plist;
				LD_RUNPATH_SEARCH_PATHS = (
					"$(inherited)",
					"@executable_path/../Frameworks",
				);
				PRODUCT_BUNDLE_IDENTIFIER = ru.hse.MetalTest;
				PRODUCT_NAME = "$(TARGET_NAME)";
				SWIFT_OBJC_BRIDGING_HEADER = "$(SRCROOT)/$(PROJECT_NAME)/$(SWIFT_MODULE_NAME)-Bridging-Header.h";
				SWIFT_VERSION = 4.2;
			};
			name = Release;
		};
/* End XCBuildConfiguration section */

/* Begin XCConfigurationList section */
		7101BC302226C6BE00C0D90C /* Build configuration list for PBXProject "MetalTest" */ = {
			isa = XCConfigurationList;
			buildConfigurations = (
				7101BC432226C6C000C0D90C /* Debug */,
				7101BC442226C6C000C0D90C /* Release */,
			);
			defaultConfigurationIsVisible = 0;
			defaultConfigurationName = Release;
		};
		7101BC452226C6C000C0D90C /* Build configuration list for PBXNativeTarget "MetalTest" */ = {
			isa = XCConfigurationList;
			buildConfigurations = (
				7101BC462226C6C000C0D90C /* Debug */,
				7101BC472226C6C000C0D90C /* Release */,
			);
			defaultConfigurationIsVisible = 0;
			defaultConfigurationName = Release;
		};
/* End XCConfigurationList section */
	};
	rootObject = 7101BC2D2226C6BE00C0D90C /* Project object */;
}
